Microsoft Visual Studio Solution File, Format Version 11.00
# Visual Studio 2008

Project("{885DEAB1-C935-0C6B-495B-679DD3976906}") = "equilibrium_avant_UI", "Assembly-CSharp.csproj", "{D74CAB5D-7C2B-BF6A-2BA5-5F9B1B35F86D}"
EndProject
Global
	GlobalSection(SolutionConfigurationPlatforms) = preSolution
		Debug|Any CPU = Debug|Any CPU
		Release|Any CPU = Release|Any CPU
	EndGlobalSection
	GlobalSection(ProjectConfigurationPlatforms) = postSolution
		{D74CAB5D-7C2B-BF6A-2BA5-5F9B1B35F86D}.Debug|Any CPU.ActiveCfg = Debug|Any CPU
		{D74CAB5D-7C2B-BF6A-2BA5-5F9B1B35F86D}.Debug|Any CPU.Build.0 = Debug|Any CPU
		{D74CAB5D-7C2B-BF6A-2BA5-5F9B1B35F86D}.Release|Any CPU.ActiveCfg = Release|Any CPU
		{D74CAB5D-7C2B-BF6A-2BA5-5F9B1B35F86D}.Release|Any CPU.Build.0 = Release|Any CPU
	EndGlobalSection
	GlobalSection(SolutionProperties) = preSolution
		HideSolutionNode = FALSE
	EndGlobalSection
	GlobalSection(MonoDevelopProperties) = preSolution
		StartupItem = Assembly-CSharp.csproj
	EndGlobalSection
EndGlobal
