Microsoft Visual Studio Solution File, Format Version 11.00
# Visual Studio 2008

Project("{3E8F57EF-55B9-D3A8-4179-63F343DB1DE2}") = "equilibrium", "Assembly-CSharp.csproj", "{F6CE2B84-ACB0-0B95-6BB0-E62682620B12}"
EndProject
Global
	GlobalSection(SolutionConfigurationPlatforms) = preSolution
		Debug|Any CPU = Debug|Any CPU
		Release|Any CPU = Release|Any CPU
	EndGlobalSection
	GlobalSection(ProjectConfigurationPlatforms) = postSolution
		{F6CE2B84-ACB0-0B95-6BB0-E62682620B12}.Debug|Any CPU.ActiveCfg = Debug|Any CPU
		{F6CE2B84-ACB0-0B95-6BB0-E62682620B12}.Debug|Any CPU.Build.0 = Debug|Any CPU
		{F6CE2B84-ACB0-0B95-6BB0-E62682620B12}.Release|Any CPU.ActiveCfg = Release|Any CPU
		{F6CE2B84-ACB0-0B95-6BB0-E62682620B12}.Release|Any CPU.Build.0 = Release|Any CPU
	EndGlobalSection
	GlobalSection(SolutionProperties) = preSolution
		HideSolutionNode = FALSE
	EndGlobalSection
	GlobalSection(MonoDevelopProperties) = preSolution
		StartupItem = Assembly-CSharp.csproj
	EndGlobalSection
EndGlobal
