Microsoft Visual Studio Solution File, Format Version 11.00
# Visual Studio 2008

Project("{F75AB9E8-3965-B476-1980-404147EE2235}") = "UI-Menu", "Assembly-CSharp.csproj", "{4D12B00B-A51B-947F-0D0A-72732AD2C1FC}"
EndProject
Global
	GlobalSection(SolutionConfigurationPlatforms) = preSolution
		Debug|Any CPU = Debug|Any CPU
		Release|Any CPU = Release|Any CPU
	EndGlobalSection
	GlobalSection(ProjectConfigurationPlatforms) = postSolution
		{4D12B00B-A51B-947F-0D0A-72732AD2C1FC}.Debug|Any CPU.ActiveCfg = Debug|Any CPU
		{4D12B00B-A51B-947F-0D0A-72732AD2C1FC}.Debug|Any CPU.Build.0 = Debug|Any CPU
		{4D12B00B-A51B-947F-0D0A-72732AD2C1FC}.Release|Any CPU.ActiveCfg = Release|Any CPU
		{4D12B00B-A51B-947F-0D0A-72732AD2C1FC}.Release|Any CPU.Build.0 = Release|Any CPU
	EndGlobalSection
	GlobalSection(SolutionProperties) = preSolution
		HideSolutionNode = FALSE
	EndGlobalSection
	GlobalSection(MonoDevelopProperties) = preSolution
		StartupItem = Assembly-CSharp.csproj
	EndGlobalSection
EndGlobal
